
Microsoft Visual Studio Solution File, Format Version 12.00
# Visual Studio Version 16
VisualStudioVersion = 16.0.33027.164
MinimumVisualStudioVersion = 10.0.40219.1
Project("{FAE04EC0-301F-11D3-BF4B-00C04F79EFBC}") = "lab3ex3", "lab3ex3\lab3ex3.csproj", "{5896CE5C-A1F2-43E0-83FE-5B57487AD183}"
EndProject
Global
	GlobalSection(SolutionConfigurationPlatforms) = preSolution
		Debug|Any CPU = Debug|Any CPU
		Release|Any CPU = Release|Any CPU
	EndGlobalSection
	GlobalSection(ProjectConfigurationPlatforms) = postSolution
		{5896CE5C-A1F2-43E0-83FE-5B57487AD183}.Debug|Any CPU.ActiveCfg = Debug|Any CPU
		{5896CE5C-A1F2-43E0-83FE-5B57487AD183}.Debug|Any CPU.Build.0 = Debug|Any CPU
		{5896CE5C-A1F2-43E0-83FE-5B57487AD183}.Release|Any CPU.ActiveCfg = Release|Any CPU
		{5896CE5C-A1F2-43E0-83FE-5B57487AD183}.Release|Any CPU.Build.0 = Release|Any CPU
	EndGlobalSection
	GlobalSection(SolutionProperties) = preSolution
		HideSolutionNode = FALSE
	EndGlobalSection
	GlobalSection(ExtensibilityGlobals) = postSolution
		SolutionGuid = {ACE59B0C-97C7-44D4-8D50-70FF1CCA0EC0}
	EndGlobalSection
EndGlobal
